
Microsoft Visual Studio Solution File, Format Version 12.00
# Visual Studio Version 17
VisualStudioVersion = 17.0.31903.59
MinimumVisualStudioVersion = 10.0.40219.1
Project("{FAE04EC0-301F-11D3-BF4B-00C04F79EFBC}") = "Pupupu", "Statistics\Pupupu.csproj", "{E77F12E0-6909-416E-90B9-94A422B4FFE4}"
EndProject
Project("{FAE04EC0-301F-11D3-BF4B-00C04F79EFBC}") = "PupupuAi", "PupupuAi\PupupuAi.csproj", "{269C57B8-D16A-46BA-8EEB-4C47D89B6033}"
EndProject
Global
	GlobalSection(SolutionConfigurationPlatforms) = preSolution
		Debug|Any CPU = Debug|Any CPU
		Debug|x64 = Debug|x64
		Debug|x86 = Debug|x86
		Release|Any CPU = Release|Any CPU
		Release|x64 = Release|x64
		Release|x86 = Release|x86
	EndGlobalSection
	GlobalSection(ProjectConfigurationPlatforms) = postSolution
		{E77F12E0-6909-416E-90B9-94A422B4FFE4}.Debug|Any CPU.ActiveCfg = Debug|Any CPU
		{E77F12E0-6909-416E-90B9-94A422B4FFE4}.Debug|Any CPU.Build.0 = Debug|Any CPU
		{E77F12E0-6909-416E-90B9-94A422B4FFE4}.Debug|x64.ActiveCfg = Debug|Any CPU
		{E77F12E0-6909-416E-90B9-94A422B4FFE4}.Debug|x64.Build.0 = Debug|Any CPU
		{E77F12E0-6909-416E-90B9-94A422B4FFE4}.Debug|x86.ActiveCfg = Debug|Any CPU
		{E77F12E0-6909-416E-90B9-94A422B4FFE4}.Debug|x86.Build.0 = Debug|Any CPU
		{E77F12E0-6909-416E-90B9-94A422B4FFE4}.Release|Any CPU.ActiveCfg = Release|Any CPU
		{E77F12E0-6909-416E-90B9-94A422B4FFE4}.Release|Any CPU.Build.0 = Release|Any CPU
		{E77F12E0-6909-416E-90B9-94A422B4FFE4}.Release|x64.ActiveCfg = Release|Any CPU
		{E77F12E0-6909-416E-90B9-94A422B4FFE4}.Release|x64.Build.0 = Release|Any CPU
		{E77F12E0-6909-416E-90B9-94A422B4FFE4}.Release|x86.ActiveCfg = Release|Any CPU
		{E77F12E0-6909-416E-90B9-94A422B4FFE4}.Release|x86.Build.0 = Release|Any CPU
		{269C57B8-D16A-46BA-8EEB-4C47D89B6033}.Debug|Any CPU.ActiveCfg = Debug|Any CPU
		{269C57B8-D16A-46BA-8EEB-4C47D89B6033}.Debug|Any CPU.Build.0 = Debug|Any CPU
		{269C57B8-D16A-46BA-8EEB-4C47D89B6033}.Debug|x64.ActiveCfg = Debug|Any CPU
		{269C57B8-D16A-46BA-8EEB-4C47D89B6033}.Debug|x64.Build.0 = Debug|Any CPU
		{269C57B8-D16A-46BA-8EEB-4C47D89B6033}.Debug|x86.ActiveCfg = Debug|Any CPU
		{269C57B8-D16A-46BA-8EEB-4C47D89B6033}.Debug|x86.Build.0 = Debug|Any CPU
		{269C57B8-D16A-46BA-8EEB-4C47D89B6033}.Release|Any CPU.ActiveCfg = Release|Any CPU
		{269C57B8-D16A-46BA-8EEB-4C47D89B6033}.Release|Any CPU.Build.0 = Release|Any CPU
		{269C57B8-D16A-46BA-8EEB-4C47D89B6033}.Release|x64.ActiveCfg = Release|Any CPU
		{269C57B8-D16A-46BA-8EEB-4C47D89B6033}.Release|x64.Build.0 = Release|Any CPU
		{269C57B8-D16A-46BA-8EEB-4C47D89B6033}.Release|x86.ActiveCfg = Release|Any CPU
		{269C57B8-D16A-46BA-8EEB-4C47D89B6033}.Release|x86.Build.0 = Release|Any CPU
	EndGlobalSection
	GlobalSection(SolutionProperties) = preSolution
		HideSolutionNode = FALSE
	EndGlobalSection
EndGlobal
